{
  "nodes": {
    "nixpkgs": {
      "locked": {
        "lastModified": 1772624091,
        "narHash": "sha256-QKyJ0QGWBn6r0invrMAK8dmJoBYWoOWy7lN+UHzW1jc=",
        "owner": "NixOS",
        "repo": "nixpkgs",
        "rev": "80bdc1e5ce51f56b19791b52b2901187931f5353",
        "type": "github"
      },
      "original": {
        "owner": "NixOS",
        "ref": "nixos-unstable",
        "repo": "nixpkgs",
        "type": "github"
      }
    },
    "root": {
      "inputs": {
        "nixpkgs": "nixpkgs",
        "rust-overlay": "rust-overlay"
      }
    },
    "rust-overlay": {
      "inputs": {
        "nixpkgs": [
          "nixpkgs"
        ]
      },
      "locked": {
        "lastModified": 1772852295,
        "narHash": "sha256-3FB/WzLZSiU2Mc50C9q9VXU1LRUZbsU6UHKmZG1C+hU=",
        "owner": "oxalica",
        "repo": "rust-overlay",
        "rev": "c10801f59c68e14c308aea8fa6b0b3d81d43c61e",
        "type": "github"
      },
      "original": {
        "owner": "oxalica",
        "repo": "rust-overlay",
        "type": "github"
      }
    }
  },
  "root": "root",
  "version": 7
}
